// !$*UTF8*$!
{
	archiveVersion = 1;
	classes = {
	};
	objectVersion = 50;
	objects = {

/* Begin PBXBuildFile section */
		7222D69125E8D54F008D9BDC /* SingleTextSelectionCell.swift in Sources */ = {isa = PBXBuildFile; fileRef = 7222D69025E8D54F008D9BDC /* SingleTextSelectionCell.swift */; };
		725025E225E7688500687E79 /* QuestionHeader.swift in Sources */ = {isa = PBXBuildFile; fileRef = 725025E125E7688500687E79 /* QuestionHeader.swift */; };
		7267A25D24B47C0C000F8D5A /* QuizEngine.framework in Frameworks */ = {isa = PBXBuildFile; fileRef = 7267A25C24B47C0C000F8D5A /* QuizEngine.framework */; };
		7267A25E24B47C0C000F8D5A /* QuizEngine.framework in Embed Frameworks */ = {isa = PBXBuildFile; fileRef = 7267A25C24B47C0C000F8D5A /* QuizEngine.framework */; settings = {ATTRIBUTES = (CodeSignOnCopy, RemoveHeadersOnCopy, ); }; };
		7277C15325EC878F00853B41 /* iOSSwiftUIViewControllerFactoryTests.swift in Sources */ = {isa = PBXBuildFile; fileRef = 7277C15225EC878F00853B41 /* iOSSwiftUIViewControllerFactoryTests.swift */; };
		7277C15625EC87D200853B41 /* iOSSwiftUIViewControllerFactory.swift in Sources */ = {isa = PBXBuildFile; fileRef = 7277C15525EC87D200853B41 /* iOSSwiftUIViewControllerFactory.swift */; };
		727AB68724ADDD9D00280FAA /* AppDelegate.swift in Sources */ = {isa = PBXBuildFile; fileRef = 727AB68624ADDD9D00280FAA /* AppDelegate.swift */; };
		727AB68924ADDD9D00280FAA /* SceneDelegate.swift in Sources */ = {isa = PBXBuildFile; fileRef = 727AB68824ADDD9D00280FAA /* SceneDelegate.swift */; };
		727AB69024ADDDA000280FAA /* Assets.xcassets in Resources */ = {isa = PBXBuildFile; fileRef = 727AB68F24ADDDA000280FAA /* Assets.xcassets */; };
		727AB69324ADDDA000280FAA /* LaunchScreen.storyboard in Resources */ = {isa = PBXBuildFile; fileRef = 727AB69124ADDDA000280FAA /* LaunchScreen.storyboard */; };
		727AB6A924ADE2E800280FAA /* QuestionViewControllerTest.swift in Sources */ = {isa = PBXBuildFile; fileRef = 727AB6A824ADE2E800280FAA /* QuestionViewControllerTest.swift */; };
		727AB6AB24ADE3C900280FAA /* QuestionViewController.swift in Sources */ = {isa = PBXBuildFile; fileRef = 727AB6AA24ADE3C900280FAA /* QuestionViewController.swift */; };
		72A9722225E48E480082B20D /* UITableViewExtension.swift in Sources */ = {isa = PBXBuildFile; fileRef = 72A9722125E48E480082B20D /* UITableViewExtension.swift */; };
		72A9722C25E60CF10082B20D /* SingleAnswerQuestion.swift in Sources */ = {isa = PBXBuildFile; fileRef = 72A9722B25E60CF10082B20D /* SingleAnswerQuestion.swift */; };
		72AC4B2224BC1FD1001AF2FC /* ScoreTest.swift in Sources */ = {isa = PBXBuildFile; fileRef = 72AC4B2124BC1FD1001AF2FC /* ScoreTest.swift */; };
		72AC4B2424BC1FDF001AF2FC /* BasicScore.swift in Sources */ = {isa = PBXBuildFile; fileRef = 72AC4B2324BC1FDF001AF2FC /* BasicScore.swift */; };
		72CD6C6D24B1B3770061648B /* ViewControllerFactory.swift in Sources */ = {isa = PBXBuildFile; fileRef = 72CD6C6C24B1B3770061648B /* ViewControllerFactory.swift */; };
		72CD6C6F24B1B3AB0061648B /* iOSUIKitViewControllerFactoryTest.swift in Sources */ = {isa = PBXBuildFile; fileRef = 72CD6C6E24B1B3AB0061648B /* iOSUIKitViewControllerFactoryTest.swift */; };
		72CD6C7124B1B4530061648B /* iOSUIKitViewControllerFactory.swift in Sources */ = {isa = PBXBuildFile; fileRef = 72CD6C7024B1B4530061648B /* iOSUIKitViewControllerFactory.swift */; };
		72CD6C7324B30CFB0061648B /* ResultsPresenterTest.swift in Sources */ = {isa = PBXBuildFile; fileRef = 72CD6C7224B30CFB0061648B /* ResultsPresenterTest.swift */; };
		72CD6C7724B30ED00061648B /* ResultsPresenter.swift in Sources */ = {isa = PBXBuildFile; fileRef = 72CD6C7624B30ED00061648B /* ResultsPresenter.swift */; };
		72CD6C7924B32BA40061648B /* QuestionPresenterTest.swift in Sources */ = {isa = PBXBuildFile; fileRef = 72CD6C7824B32BA40061648B /* QuestionPresenterTest.swift */; };
		72CD6C7B24B32C110061648B /* QuestionPresenter.swift in Sources */ = {isa = PBXBuildFile; fileRef = 72CD6C7A24B32C110061648B /* QuestionPresenter.swift */; };
		72E0E76F24AEFFB600022278 /* ResultsViewControllerTest.swift in Sources */ = {isa = PBXBuildFile; fileRef = 72E0E76E24AEFFB600022278 /* ResultsViewControllerTest.swift */; };
		72E0E77124AF002D00022278 /* ResultsViewController.swift in Sources */ = {isa = PBXBuildFile; fileRef = 72E0E77024AF002D00022278 /* ResultsViewController.swift */; };
		72E0E77324AF06CD00022278 /* TableViewHelpers.swift in Sources */ = {isa = PBXBuildFile; fileRef = 72E0E77224AF06CD00022278 /* TableViewHelpers.swift */; };
		72E0E77724AF1AFF00022278 /* CorrectAnswerCell.swift in Sources */ = {isa = PBXBuildFile; fileRef = 72E0E77624AF1AFF00022278 /* CorrectAnswerCell.swift */; };
		72E0E77924AF1B1100022278 /* WrongAnswerCell.swift in Sources */ = {isa = PBXBuildFile; fileRef = 72E0E77824AF1B1100022278 /* WrongAnswerCell.swift */; };
		72E0E77B24AF1B3000022278 /* PresentableAnswer.swift in Sources */ = {isa = PBXBuildFile; fileRef = 72E0E77A24AF1B3000022278 /* PresentableAnswer.swift */; };
		72E0E77F24AF1EA200022278 /* CorrectAnswerCell.xib in Resources */ = {isa = PBXBuildFile; fileRef = 72E0E77E24AF1EA200022278 /* CorrectAnswerCell.xib */; };
		72E0E78124AF1F0800022278 /* WrongAnswerCell.xib in Resources */ = {isa = PBXBuildFile; fileRef = 72E0E78024AF1F0800022278 /* WrongAnswerCell.xib */; };
		72E0E7B724B07C3F00022278 /* NavigationControllerRouterTest.swift in Sources */ = {isa = PBXBuildFile; fileRef = 72E0E7B624B07C3F00022278 /* NavigationControllerRouterTest.swift */; };
		72E0E7B924B0828E00022278 /* NavigationControllerRouter.swift in Sources */ = {isa = PBXBuildFile; fileRef = 72E0E7B824B0828E00022278 /* NavigationControllerRouter.swift */; };
/* End PBXBuildFile section */

/* Begin PBXContainerItemProxy section */
		727AB69A24ADDDA000280FAA /* PBXContainerItemProxy */ = {
			isa = PBXContainerItemProxy;
			containerPortal = 727AB67B24ADDD9D00280FAA /* Project object */;
			proxyType = 1;
			remoteGlobalIDString = 727AB68224ADDD9D00280FAA;
			remoteInfo = QuizApp;
		};
/* End PBXContainerItemProxy section */

/* Begin PBXCopyFilesBuildPhase section */
		7267A25F24B47C0C000F8D5A /* Embed Frameworks */ = {
			isa = PBXCopyFilesBuildPhase;
			buildActionMask = 2147483647;
			dstPath = "";
			dstSubfolderSpec = 10;
			files = (
				7267A25E24B47C0C000F8D5A /* QuizEngine.framework in Embed Frameworks */,
			);
			name = "Embed Frameworks";
			runOnlyForDeploymentPostprocessing = 0;
		};
/* End PBXCopyFilesBuildPhase section */

/* Begin PBXFileReference section */
		7222D69025E8D54F008D9BDC /* SingleTextSelectionCell.swift */ = {isa = PBXFileReference; lastKnownFileType = sourcecode.swift; path = SingleTextSelectionCell.swift; sourceTree = "<group>"; };
		725025E125E7688500687E79 /* QuestionHeader.swift */ = {isa = PBXFileReference; lastKnownFileType = sourcecode.swift; path = QuestionHeader.swift; sourceTree = "<group>"; };
		7267A25C24B47C0C000F8D5A /* QuizEngine.framework */ = {isa = PBXFileReference; explicitFileType = wrapper.framework; path = QuizEngine.framework; sourceTree = BUILT_PRODUCTS_DIR; };
		7277C15225EC878F00853B41 /* iOSSwiftUIViewControllerFactoryTests.swift */ = {isa = PBXFileReference; lastKnownFileType = sourcecode.swift; path = iOSSwiftUIViewControllerFactoryTests.swift; sourceTree = "<group>"; };
		7277C15525EC87D200853B41 /* iOSSwiftUIViewControllerFactory.swift */ = {isa = PBXFileReference; lastKnownFileType = sourcecode.swift; path = iOSSwiftUIViewControllerFactory.swift; sourceTree = "<group>"; };
		727AB68324ADDD9D00280FAA /* QuizApp.app */ = {isa = PBXFileReference; explicitFileType = wrapper.application; includeInIndex = 0; path = QuizApp.app; sourceTree = BUILT_PRODUCTS_DIR; };
		727AB68624ADDD9D00280FAA /* AppDelegate.swift */ = {isa = PBXFileReference; lastKnownFileType = sourcecode.swift; path = AppDelegate.swift; sourceTree = "<group>"; };
		727AB68824ADDD9D00280FAA /* SceneDelegate.swift */ = {isa = PBXFileReference; lastKnownFileType = sourcecode.swift; path = SceneDelegate.swift; sourceTree = "<group>"; };
		727AB68F24ADDDA000280FAA /* Assets.xcassets */ = {isa = PBXFileReference; lastKnownFileType = folder.assetcatalog; path = Assets.xcassets; sourceTree = "<group>"; };
		727AB69224ADDDA000280FAA /* Base */ = {isa = PBXFileReference; lastKnownFileType = file.storyboard; name = Base; path = Base.lproj/LaunchScreen.storyboard; sourceTree = "<group>"; };
		727AB69424ADDDA000280FAA /* Info.plist */ = {isa = PBXFileReference; lastKnownFileType = text.plist.xml; path = Info.plist; sourceTree = "<group>"; };
		727AB69924ADDDA000280FAA /* QuizAppTests.xctest */ = {isa = PBXFileReference; explicitFileType = wrapper.cfbundle; includeInIndex = 0; path = QuizAppTests.xctest; sourceTree = BUILT_PRODUCTS_DIR; };
		727AB69F24ADDDA000280FAA /* Info.plist */ = {isa = PBXFileReference; lastKnownFileType = text.plist.xml; path = Info.plist; sourceTree = "<group>"; };
		727AB6A824ADE2E800280FAA /* QuestionViewControllerTest.swift */ = {isa = PBXFileReference; lastKnownFileType = sourcecode.swift; path = QuestionViewControllerTest.swift; sourceTree = "<group>"; };
		727AB6AA24ADE3C900280FAA /* QuestionViewController.swift */ = {isa = PBXFileReference; lastKnownFileType = sourcecode.swift; path = QuestionViewController.swift; sourceTree = "<group>"; };
		72A9722125E48E480082B20D /* UITableViewExtension.swift */ = {isa = PBXFileReference; lastKnownFileType = sourcecode.swift; path = UITableViewExtension.swift; sourceTree = "<group>"; };
		72A9722B25E60CF10082B20D /* SingleAnswerQuestion.swift */ = {isa = PBXFileReference; lastKnownFileType = sourcecode.swift; path = SingleAnswerQuestion.swift; sourceTree = "<group>"; };
		72AC4B2124BC1FD1001AF2FC /* ScoreTest.swift */ = {isa = PBXFileReference; lastKnownFileType = sourcecode.swift; path = ScoreTest.swift; sourceTree = "<group>"; };
		72AC4B2324BC1FDF001AF2FC /* BasicScore.swift */ = {isa = PBXFileReference; lastKnownFileType = sourcecode.swift; path = BasicScore.swift; sourceTree = "<group>"; };
		72CD6C6C24B1B3770061648B /* ViewControllerFactory.swift */ = {isa = PBXFileReference; lastKnownFileType = sourcecode.swift; path = ViewControllerFactory.swift; sourceTree = "<group>"; };
		72CD6C6E24B1B3AB0061648B /* iOSUIKitViewControllerFactoryTest.swift */ = {isa = PBXFileReference; lastKnownFileType = sourcecode.swift; path = iOSUIKitViewControllerFactoryTest.swift; sourceTree = "<group>"; };
		72CD6C7024B1B4530061648B /* iOSUIKitViewControllerFactory.swift */ = {isa = PBXFileReference; lastKnownFileType = sourcecode.swift; path = iOSUIKitViewControllerFactory.swift; sourceTree = "<group>"; };
		72CD6C7224B30CFB0061648B /* ResultsPresenterTest.swift */ = {isa = PBXFileReference; lastKnownFileType = sourcecode.swift; path = ResultsPresenterTest.swift; sourceTree = "<group>"; };
		72CD6C7624B30ED00061648B /* ResultsPresenter.swift */ = {isa = PBXFileReference; lastKnownFileType = sourcecode.swift; path = ResultsPresenter.swift; sourceTree = "<group>"; };
		72CD6C7824B32BA40061648B /* QuestionPresenterTest.swift */ = {isa = PBXFileReference; lastKnownFileType = sourcecode.swift; path = QuestionPresenterTest.swift; sourceTree = "<group>"; };
		72CD6C7A24B32C110061648B /* QuestionPresenter.swift */ = {isa = PBXFileReference; lastKnownFileType = sourcecode.swift; path = QuestionPresenter.swift; sourceTree = "<group>"; };
		72E0E76E24AEFFB600022278 /* ResultsViewControllerTest.swift */ = {isa = PBXFileReference; lastKnownFileType = sourcecode.swift; path = ResultsViewControllerTest.swift; sourceTree = "<group>"; };
		72E0E77024AF002D00022278 /* ResultsViewController.swift */ = {isa = PBXFileReference; lastKnownFileType = sourcecode.swift; path = ResultsViewController.swift; sourceTree = "<group>"; };
		72E0E77224AF06CD00022278 /* TableViewHelpers.swift */ = {isa = PBXFileReference; lastKnownFileType = sourcecode.swift; path = TableViewHelpers.swift; sourceTree = "<group>"; };
		72E0E77624AF1AFF00022278 /* CorrectAnswerCell.swift */ = {isa = PBXFileReference; lastKnownFileType = sourcecode.swift; path = CorrectAnswerCell.swift; sourceTree = "<group>"; };
		72E0E77824AF1B1100022278 /* WrongAnswerCell.swift */ = {isa = PBXFileReference; lastKnownFileType = sourcecode.swift; path = WrongAnswerCell.swift; sourceTree = "<group>"; };
		72E0E77A24AF1B3000022278 /* PresentableAnswer.swift */ = {isa = PBXFileReference; lastKnownFileType = sourcecode.swift; path = PresentableAnswer.swift; sourceTree = "<group>"; };
		72E0E77E24AF1EA200022278 /* CorrectAnswerCell.xib */ = {isa = PBXFileReference; lastKnownFileType = file.xib; path = CorrectAnswerCell.xib; sourceTree = "<group>"; };
		72E0E78024AF1F0800022278 /* WrongAnswerCell.xib */ = {isa = PBXFileReference; lastKnownFileType = file.xib; path = WrongAnswerCell.xib; sourceTree = "<group>"; };
		72E0E7B624B07C3F00022278 /* NavigationControllerRouterTest.swift */ = {isa = PBXFileReference; lastKnownFileType = sourcecode.swift; path = NavigationControllerRouterTest.swift; sourceTree = "<group>"; };
		72E0E7B824B0828E00022278 /* NavigationControllerRouter.swift */ = {isa = PBXFileReference; lastKnownFileType = sourcecode.swift; path = NavigationControllerRouter.swift; sourceTree = "<group>"; };
/* End PBXFileReference section */

/* Begin PBXFrameworksBuildPhase section */
		727AB68024ADDD9D00280FAA /* Frameworks */ = {
			isa = PBXFrameworksBuildPhase;
			buildActionMask = 2147483647;
			files = (
				7267A25D24B47C0C000F8D5A /* QuizEngine.framework in Frameworks */,
			);
			runOnlyForDeploymentPostprocessing = 0;
		};
		727AB69624ADDDA000280FAA /* Frameworks */ = {
			isa = PBXFrameworksBuildPhase;
			buildActionMask = 2147483647;
			files = (
			);
			runOnlyForDeploymentPostprocessing = 0;
		};
/* End PBXFrameworksBuildPhase section */

/* Begin PBXGroup section */
		7239F8E624B471B700659031 /* Main */ = {
			isa = PBXGroup;
			children = (
				727AB68624ADDD9D00280FAA /* AppDelegate.swift */,
				727AB68824ADDD9D00280FAA /* SceneDelegate.swift */,
				72CD6C7024B1B4530061648B /* iOSUIKitViewControllerFactory.swift */,
				7277C15525EC87D200853B41 /* iOSSwiftUIViewControllerFactory.swift */,
				727AB69124ADDDA000280FAA /* LaunchScreen.storyboard */,
				727AB68F24ADDDA000280FAA /* Assets.xcassets */,
			);
			path = Main;
			sourceTree = "<group>";
		};
		7239F8E724B471BF00659031 /* UI */ = {
			isa = PBXGroup;
			children = (
				72A9722A25E60CD90082B20D /* SwiftUI */,
				72A9722725E490450082B20D /* UIKit */,
			);
			path = UI;
			sourceTree = "<group>";
		};
		7239F8E824B471C900659031 /* Question */ = {
			isa = PBXGroup;
			children = (
				727AB6AA24ADE3C900280FAA /* QuestionViewController.swift */,
			);
			path = Question;
			sourceTree = "<group>";
		};
		7239F8E924B471D100659031 /* Result */ = {
			isa = PBXGroup;
			children = (
				7239F8EA24B471DA00659031 /* Cells */,
				72E0E77024AF002D00022278 /* ResultsViewController.swift */,
			);
			path = Result;
			sourceTree = "<group>";
		};
		7239F8EA24B471DA00659031 /* Cells */ = {
			isa = PBXGroup;
			children = (
				72E0E77624AF1AFF00022278 /* CorrectAnswerCell.swift */,
				72E0E77E24AF1EA200022278 /* CorrectAnswerCell.xib */,
				72E0E77824AF1B1100022278 /* WrongAnswerCell.swift */,
				72E0E78024AF1F0800022278 /* WrongAnswerCell.xib */,
			);
			path = Cells;
			sourceTree = "<group>";
		};
		7239F8ED24B4728A00659031 /* Presentation */ = {
			isa = PBXGroup;
			children = (
				7239F8F024B472B200659031 /* Result */,
				7239F8EE24B472A700659031 /* Question */,
			);
			path = Presentation;
			sourceTree = "<group>";
		};
		7239F8EE24B472A700659031 /* Question */ = {
			isa = PBXGroup;
			children = (
				72CD6C7A24B32C110061648B /* QuestionPresenter.swift */,
			);
			path = Question;
			sourceTree = "<group>";
		};
		7239F8F024B472B200659031 /* Result */ = {
			isa = PBXGroup;
			children = (
				72E0E77A24AF1B3000022278 /* PresentableAnswer.swift */,
				72CD6C7624B30ED00061648B /* ResultsPresenter.swift */,
			);
			path = Result;
			sourceTree = "<group>";
		};
		7239F8F124B472C600659031 /* Routing */ = {
			isa = PBXGroup;
			children = (
				72E0E7B824B0828E00022278 /* NavigationControllerRouter.swift */,
				72CD6C6C24B1B3770061648B /* ViewControllerFactory.swift */,
			);
			path = Routing;
			sourceTree = "<group>";
		};
		7239F8F324B4731000659031 /* Main */ = {
			isa = PBXGroup;
			children = (
				72CD6C6E24B1B3AB0061648B /* iOSUIKitViewControllerFactoryTest.swift */,
				7277C15225EC878F00853B41 /* iOSSwiftUIViewControllerFactoryTests.swift */,
			);
			path = Main;
			sourceTree = "<group>";
		};
		7239F8F424B4731900659031 /* UI */ = {
			isa = PBXGroup;
			children = (
				72A9722825E490810082B20D /* UIKit */,
			);
			path = UI;
			sourceTree = "<group>";
		};
		7239F8F524B4731D00659031 /* Question */ = {
			isa = PBXGroup;
			children = (
				727AB6A824ADE2E800280FAA /* QuestionViewControllerTest.swift */,
			);
			path = Question;
			sourceTree = "<group>";
		};
		7239F8F624B4732200659031 /* Result */ = {
			isa = PBXGroup;
			children = (
				72E0E76E24AEFFB600022278 /* ResultsViewControllerTest.swift */,
			);
			path = Result;
			sourceTree = "<group>";
		};
		7239F8F724B4734B00659031 /* Presentation */ = {
			isa = PBXGroup;
			children = (
				7239F8FA24B4735A00659031 /* Result */,
				7239F8F824B4735000659031 /* Question */,
			);
			path = Presentation;
			sourceTree = "<group>";
		};
		7239F8F824B4735000659031 /* Question */ = {
			isa = PBXGroup;
			children = (
				72CD6C7824B32BA40061648B /* QuestionPresenterTest.swift */,
			);
			path = Question;
			sourceTree = "<group>";
		};
		7239F8FA24B4735A00659031 /* Result */ = {
			isa = PBXGroup;
			children = (
				72CD6C7224B30CFB0061648B /* ResultsPresenterTest.swift */,
			);
			path = Result;
			sourceTree = "<group>";
		};
		7239F8FB24B4736C00659031 /* Helpers */ = {
			isa = PBXGroup;
			children = (
				72E0E77224AF06CD00022278 /* TableViewHelpers.swift */,
			);
			path = Helpers;
			sourceTree = "<group>";
		};
		7239F8FC24B4737C00659031 /* Routing */ = {
			isa = PBXGroup;
			children = (
				72E0E7B624B07C3F00022278 /* NavigationControllerRouterTest.swift */,
			);
			path = Routing;
			sourceTree = "<group>";
		};
		7267A25B24B47C0C000F8D5A /* Frameworks */ = {
			isa = PBXGroup;
			children = (
				7267A25C24B47C0C000F8D5A /* QuizEngine.framework */,
			);
			name = Frameworks;
			sourceTree = "<group>";
		};
		727AB67A24ADDD9D00280FAA = {
			isa = PBXGroup;
			children = (
				727AB68524ADDD9D00280FAA /* QuizApp */,
				727AB69C24ADDDA000280FAA /* QuizAppTests */,
				727AB68424ADDD9D00280FAA /* Products */,
				7267A25B24B47C0C000F8D5A /* Frameworks */,
			);
			sourceTree = "<group>";
		};
		727AB68424ADDD9D00280FAA /* Products */ = {
			isa = PBXGroup;
			children = (
				727AB68324ADDD9D00280FAA /* QuizApp.app */,
				727AB69924ADDDA000280FAA /* QuizAppTests.xctest */,
			);
			name = Products;
			sourceTree = "<group>";
		};
		727AB68524ADDD9D00280FAA /* QuizApp */ = {
			isa = PBXGroup;
			children = (
				72AC4B1F24BC1FC3001AF2FC /* Scoring */,
				7239F8F124B472C600659031 /* Routing */,
				7239F8ED24B4728A00659031 /* Presentation */,
				7239F8E724B471BF00659031 /* UI */,
				7239F8E624B471B700659031 /* Main */,
				727AB69424ADDDA000280FAA /* Info.plist */,
			);
			path = QuizApp;
			sourceTree = "<group>";
		};
		727AB69C24ADDDA000280FAA /* QuizAppTests */ = {
			isa = PBXGroup;
			children = (
				72AC4B2024BC1FC9001AF2FC /* Scoring */,
				7239F8FC24B4737C00659031 /* Routing */,
				7239F8F724B4734B00659031 /* Presentation */,
				7239F8F424B4731900659031 /* UI */,
				7239F8F324B4731000659031 /* Main */,
				727AB69F24ADDDA000280FAA /* Info.plist */,
			);
			path = QuizAppTests;
			sourceTree = "<group>";
		};
		72A9722025E48E380082B20D /* Helpers */ = {
			isa = PBXGroup;
			children = (
				72A9722125E48E480082B20D /* UITableViewExtension.swift */,
			);
			path = Helpers;
			sourceTree = "<group>";
		};
		72A9722725E490450082B20D /* UIKit */ = {
			isa = PBXGroup;
			children = (
				72A9722025E48E380082B20D /* Helpers */,
				7239F8E824B471C900659031 /* Question */,
				7239F8E924B471D100659031 /* Result */,
			);
			path = UIKit;
			sourceTree = "<group>";
		};
		72A9722825E490810082B20D /* UIKit */ = {
			isa = PBXGroup;
			children = (
				7239F8FB24B4736C00659031 /* Helpers */,
				7239F8F524B4731D00659031 /* Question */,
				7239F8F624B4732200659031 /* Result */,
			);
			path = UIKit;
			sourceTree = "<group>";
		};
		72A9722A25E60CD90082B20D /* SwiftUI */ = {
			isa = PBXGroup;
			children = (
				72A9722B25E60CF10082B20D /* SingleAnswerQuestion.swift */,
				7222D69025E8D54F008D9BDC /* SingleTextSelectionCell.swift */,
				725025E125E7688500687E79 /* QuestionHeader.swift */,
			);
			path = SwiftUI;
			sourceTree = "<group>";
		};
		72AC4B1F24BC1FC3001AF2FC /* Scoring */ = {
			isa = PBXGroup;
			children = (
				72AC4B2324BC1FDF001AF2FC /* BasicScore.swift */,
			);
			path = Scoring;
			sourceTree = "<group>";
		};
		72AC4B2024BC1FC9001AF2FC /* Scoring */ = {
			isa = PBXGroup;
			children = (
				72AC4B2124BC1FD1001AF2FC /* ScoreTest.swift */,
			);
			path = Scoring;
			sourceTree = "<group>";
		};
/* End PBXGroup section */

/* Begin PBXNativeTarget section */
		727AB68224ADDD9D00280FAA /* QuizApp */ = {
			isa = PBXNativeTarget;
			buildConfigurationList = 727AB6A224ADDDA000280FAA /* Build configuration list for PBXNativeTarget "QuizApp" */;
			buildPhases = (
				727AB67F24ADDD9D00280FAA /* Sources */,
				727AB68024ADDD9D00280FAA /* Frameworks */,
				727AB68124ADDD9D00280FAA /* Resources */,
				7267A25F24B47C0C000F8D5A /* Embed Frameworks */,
			);
			buildRules = (
			);
			dependencies = (
			);
			name = QuizApp;
			productName = QuizApp;
			productReference = 727AB68324ADDD9D00280FAA /* QuizApp.app */;
			productType = "com.apple.product-type.application";
		};
		727AB69824ADDDA000280FAA /* QuizAppTests */ = {
			isa = PBXNativeTarget;
			buildConfigurationList = 727AB6A524ADDDA000280FAA /* Build configuration list for PBXNativeTarget "QuizAppTests" */;
			buildPhases = (
				727AB69524ADDDA000280FAA /* Sources */,
				727AB69624ADDDA000280FAA /* Frameworks */,
				727AB69724ADDDA000280FAA /* Resources */,
			);
			buildRules = (
			);
			dependencies = (
				727AB69B24ADDDA000280FAA /* PBXTargetDependency */,
			);
			name = QuizAppTests;
			productName = QuizAppTests;
			productReference = 727AB69924ADDDA000280FAA /* QuizAppTests.xctest */;
			productType = "com.apple.product-type.bundle.unit-test";
		};
/* End PBXNativeTarget section */

/* Begin PBXProject section */
		727AB67B24ADDD9D00280FAA /* Project object */ = {
			isa = PBXProject;
			attributes = {
				LastSwiftUpdateCheck = 1150;
				LastUpgradeCheck = 1240;
				ORGANIZATIONNAME = chihyinwang;
				TargetAttributes = {
					727AB68224ADDD9D00280FAA = {
						CreatedOnToolsVersion = 11.5;
					};
					727AB69824ADDDA000280FAA = {
						CreatedOnToolsVersion = 11.5;
						TestTargetID = 727AB68224ADDD9D00280FAA;
					};
				};
			};
			buildConfigurationList = 727AB67E24ADDD9D00280FAA /* Build configuration list for PBXProject "QuizApp" */;
			compatibilityVersion = "Xcode 9.3";
			developmentRegion = en;
			hasScannedForEncodings = 0;
			knownRegions = (
				en,
				Base,
			);
			mainGroup = 727AB67A24ADDD9D00280FAA;
			productRefGroup = 727AB68424ADDD9D00280FAA /* Products */;
			projectDirPath = "";
			projectRoot = "";
			targets = (
				727AB68224ADDD9D00280FAA /* QuizApp */,
				727AB69824ADDDA000280FAA /* QuizAppTests */,
			);
		};
/* End PBXProject section */

/* Begin PBXResourcesBuildPhase section */
		727AB68124ADDD9D00280FAA /* Resources */ = {
			isa = PBXResourcesBuildPhase;
			buildActionMask = 2147483647;
			files = (
				727AB69324ADDDA000280FAA /* LaunchScreen.storyboard in Resources */,
				72E0E78124AF1F0800022278 /* WrongAnswerCell.xib in Resources */,
				72E0E77F24AF1EA200022278 /* CorrectAnswerCell.xib in Resources */,
				727AB69024ADDDA000280FAA /* Assets.xcassets in Resources */,
			);
			runOnlyForDeploymentPostprocessing = 0;
		};
		727AB69724ADDDA000280FAA /* Resources */ = {
			isa = PBXResourcesBuildPhase;
			buildActionMask = 2147483647;
			files = (
			);
			runOnlyForDeploymentPostprocessing = 0;
		};
/* End PBXResourcesBuildPhase section */

/* Begin PBXSourcesBuildPhase section */
		727AB67F24ADDD9D00280FAA /* Sources */ = {
			isa = PBXSourcesBuildPhase;
			buildActionMask = 2147483647;
			files = (
				725025E225E7688500687E79 /* QuestionHeader.swift in Sources */,
				72AC4B2424BC1FDF001AF2FC /* BasicScore.swift in Sources */,
				727AB68724ADDD9D00280FAA /* AppDelegate.swift in Sources */,
				72CD6C7724B30ED00061648B /* ResultsPresenter.swift in Sources */,
				72E0E77924AF1B1100022278 /* WrongAnswerCell.swift in Sources */,
				727AB68924ADDD9D00280FAA /* SceneDelegate.swift in Sources */,
				72A9722225E48E480082B20D /* UITableViewExtension.swift in Sources */,
				727AB6AB24ADE3C900280FAA /* QuestionViewController.swift in Sources */,
				72E0E77724AF1AFF00022278 /* CorrectAnswerCell.swift in Sources */,
				72CD6C7B24B32C110061648B /* QuestionPresenter.swift in Sources */,
				72CD6C7124B1B4530061648B /* iOSUIKitViewControllerFactory.swift in Sources */,
				72E0E7B924B0828E00022278 /* NavigationControllerRouter.swift in Sources */,
				72E0E77124AF002D00022278 /* ResultsViewController.swift in Sources */,
				72A9722C25E60CF10082B20D /* SingleAnswerQuestion.swift in Sources */,
				72E0E77B24AF1B3000022278 /* PresentableAnswer.swift in Sources */,
				7277C15625EC87D200853B41 /* iOSSwiftUIViewControllerFactory.swift in Sources */,
				72CD6C6D24B1B3770061648B /* ViewControllerFactory.swift in Sources */,
				7222D69125E8D54F008D9BDC /* SingleTextSelectionCell.swift in Sources */,
			);
			runOnlyForDeploymentPostprocessing = 0;
		};
		727AB69524ADDDA000280FAA /* Sources */ = {
			isa = PBXSourcesBuildPhase;
			buildActionMask = 2147483647;
			files = (
				72CD6C7324B30CFB0061648B /* ResultsPresenterTest.swift in Sources */,
				7277C15325EC878F00853B41 /* iOSSwiftUIViewControllerFactoryTests.swift in Sources */,
				72E0E7B724B07C3F00022278 /* NavigationControllerRouterTest.swift in Sources */,
				727AB6A924ADE2E800280FAA /* QuestionViewControllerTest.swift in Sources */,
				72AC4B2224BC1FD1001AF2FC /* ScoreTest.swift in Sources */,
				72CD6C7924B32BA40061648B /* QuestionPresenterTest.swift in Sources */,
				72E0E77324AF06CD00022278 /* TableViewHelpers.swift in Sources */,
				72E0E76F24AEFFB600022278 /* ResultsViewControllerTest.swift in Sources */,
				72CD6C6F24B1B3AB0061648B /* iOSUIKitViewControllerFactoryTest.swift in Sources */,
			);
			runOnlyForDeploymentPostprocessing = 0;
		};
/* End PBXSourcesBuildPhase section */

/* Begin PBXTargetDependency section */
		727AB69B24ADDDA000280FAA /* PBXTargetDependency */ = {
			isa = PBXTargetDependency;
			target = 727AB68224ADDD9D00280FAA /* QuizApp */;
			targetProxy = 727AB69A24ADDDA000280FAA /* PBXContainerItemProxy */;
		};
/* End PBXTargetDependency section */

/* Begin PBXVariantGroup section */
		727AB69124ADDDA000280FAA /* LaunchScreen.storyboard */ = {
			isa = PBXVariantGroup;
			children = (
				727AB69224ADDDA000280FAA /* Base */,
			);
			name = LaunchScreen.storyboard;
			sourceTree = "<group>";
		};
/* End PBXVariantGroup section */

/* Begin XCBuildConfiguration section */
		727AB6A024ADDDA000280FAA /* Debug */ = {
			isa = XCBuildConfiguration;
			buildSettings = {
				ALWAYS_SEARCH_USER_PATHS = NO;
				CLANG_ANALYZER_NONNULL = YES;
				CLANG_ANALYZER_NUMBER_OBJECT_CONVERSION = YES_AGGRESSIVE;
				CLANG_CXX_LANGUAGE_STANDARD = "gnu++14";
				CLANG_CXX_LIBRARY = "libc++";
				CLANG_ENABLE_MODULES = YES;
				CLANG_ENABLE_OBJC_ARC = YES;
				CLANG_ENABLE_OBJC_WEAK = YES;
				CLANG_WARN_BLOCK_CAPTURE_AUTORELEASING = YES;
				CLANG_WARN_BOOL_CONVERSION = YES;
				CLANG_WARN_COMMA = YES;
				CLANG_WARN_CONSTANT_CONVERSION = YES;
				CLANG_WARN_DEPRECATED_OBJC_IMPLEMENTATIONS = YES;
				CLANG_WARN_DIRECT_OBJC_ISA_USAGE = YES_ERROR;
				CLANG_WARN_DOCUMENTATION_COMMENTS = YES;
				CLANG_WARN_EMPTY_BODY = YES;
				CLANG_WARN_ENUM_CONVERSION = YES;
				CLANG_WARN_INFINITE_RECURSION = YES;
				CLANG_WARN_INT_CONVERSION = YES;
				CLANG_WARN_NON_LITERAL_NULL_CONVERSION = YES;
				CLANG_WARN_OBJC_IMPLICIT_RETAIN_SELF = YES;
				CLANG_WARN_OBJC_LITERAL_CONVERSION = YES;
				CLANG_WARN_OBJC_ROOT_CLASS = YES_ERROR;
				CLANG_WARN_QUOTED_INCLUDE_IN_FRAMEWORK_HEADER = YES;
				CLANG_WARN_RANGE_LOOP_ANALYSIS = YES;
				CLANG_WARN_STRICT_PROTOTYPES = YES;
				CLANG_WARN_SUSPICIOUS_MOVE = YES;
				CLANG_WARN_UNGUARDED_AVAILABILITY = YES_AGGRESSIVE;
				CLANG_WARN_UNREACHABLE_CODE = YES;
				CLANG_WARN__DUPLICATE_METHOD_MATCH = YES;
				COPY_PHASE_STRIP = NO;
				DEBUG_INFORMATION_FORMAT = dwarf;
				ENABLE_STRICT_OBJC_MSGSEND = YES;
				ENABLE_TESTABILITY = YES;
				GCC_C_LANGUAGE_STANDARD = gnu11;
				GCC_DYNAMIC_NO_PIC = NO;
				GCC_NO_COMMON_BLOCKS = YES;
				GCC_OPTIMIZATION_LEVEL = 0;
				GCC_PREPROCESSOR_DEFINITIONS = (
					"DEBUG=1",
					"$(inherited)",
				);
				GCC_WARN_64_TO_32_BIT_CONVERSION = YES;
				GCC_WARN_ABOUT_RETURN_TYPE = YES_ERROR;
				GCC_WARN_UNDECLARED_SELECTOR = YES;
				GCC_WARN_UNINITIALIZED_AUTOS = YES_AGGRESSIVE;
				GCC_WARN_UNUSED_FUNCTION = YES;
				GCC_WARN_UNUSED_VARIABLE = YES;
				IPHONEOS_DEPLOYMENT_TARGET = 13.5;
				MTL_ENABLE_DEBUG_INFO = INCLUDE_SOURCE;
				MTL_FAST_MATH = YES;
				ONLY_ACTIVE_ARCH = YES;
				SDKROOT = iphoneos;
				SWIFT_ACTIVE_COMPILATION_CONDITIONS = DEBUG;
				SWIFT_OPTIMIZATION_LEVEL = "-Onone";
			};
			name = Debug;
		};
		727AB6A124ADDDA000280FAA /* Release */ = {
			isa = XCBuildConfiguration;
			buildSettings = {
				ALWAYS_SEARCH_USER_PATHS = NO;
				CLANG_ANALYZER_NONNULL = YES;
				CLANG_ANALYZER_NUMBER_OBJECT_CONVERSION = YES_AGGRESSIVE;
				CLANG_CXX_LANGUAGE_STANDARD = "gnu++14";
				CLANG_CXX_LIBRARY = "libc++";
				CLANG_ENABLE_MODULES = YES;
				CLANG_ENABLE_OBJC_ARC = YES;
				CLANG_ENABLE_OBJC_WEAK = YES;
				CLANG_WARN_BLOCK_CAPTURE_AUTORELEASING = YES;
				CLANG_WARN_BOOL_CONVERSION = YES;
				CLANG_WARN_COMMA = YES;
				CLANG_WARN_CONSTANT_CONVERSION = YES;
				CLANG_WARN_DEPRECATED_OBJC_IMPLEMENTATIONS = YES;
				CLANG_WARN_DIRECT_OBJC_ISA_USAGE = YES_ERROR;
				CLANG_WARN_DOCUMENTATION_COMMENTS = YES;
				CLANG_WARN_EMPTY_BODY = YES;
				CLANG_WARN_ENUM_CONVERSION = YES;
				CLANG_WARN_INFINITE_RECURSION = YES;
				CLANG_WARN_INT_CONVERSION = YES;
				CLANG_WARN_NON_LITERAL_NULL_CONVERSION = YES;
				CLANG_WARN_OBJC_IMPLICIT_RETAIN_SELF = YES;
				CLANG_WARN_OBJC_LITERAL_CONVERSION = YES;
				CLANG_WARN_OBJC_ROOT_CLASS = YES_ERROR;
				CLANG_WARN_QUOTED_INCLUDE_IN_FRAMEWORK_HEADER = YES;
				CLANG_WARN_RANGE_LOOP_ANALYSIS = YES;
				CLANG_WARN_STRICT_PROTOTYPES = YES;
				CLANG_WARN_SUSPICIOUS_MOVE = YES;
				CLANG_WARN_UNGUARDED_AVAILABILITY = YES_AGGRESSIVE;
				CLANG_WARN_UNREACHABLE_CODE = YES;
				CLANG_WARN__DUPLICATE_METHOD_MATCH = YES;
				COPY_PHASE_STRIP = NO;
				DEBUG_INFORMATION_FORMAT = "dwarf-with-dsym";
				ENABLE_NS_ASSERTIONS = NO;
				ENABLE_STRICT_OBJC_MSGSEND = YES;
				GCC_C_LANGUAGE_STANDARD = gnu11;
				GCC_NO_COMMON_BLOCKS = YES;
				GCC_WARN_64_TO_32_BIT_CONVERSION = YES;
				GCC_WARN_ABOUT_RETURN_TYPE = YES_ERROR;
				GCC_WARN_UNDECLARED_SELECTOR = YES;
				GCC_WARN_UNINITIALIZED_AUTOS = YES_AGGRESSIVE;
				GCC_WARN_UNUSED_FUNCTION = YES;
				GCC_WARN_UNUSED_VARIABLE = YES;
				IPHONEOS_DEPLOYMENT_TARGET = 13.5;
				MTL_ENABLE_DEBUG_INFO = NO;
				MTL_FAST_MATH = YES;
				SDKROOT = iphoneos;
				SWIFT_COMPILATION_MODE = wholemodule;
				SWIFT_OPTIMIZATION_LEVEL = "-O";
				VALIDATE_PRODUCT = YES;
			};
			name = Release;
		};
		727AB6A324ADDDA000280FAA /* Debug */ = {
			isa = XCBuildConfiguration;
			buildSettings = {
				ASSETCATALOG_COMPILER_APPICON_NAME = AppIcon;
				CODE_SIGN_STYLE = Automatic;
				DEVELOPMENT_TEAM = V92BR27883;
				INFOPLIST_FILE = QuizApp/Info.plist;
				LD_RUNPATH_SEARCH_PATHS = (
					"$(inherited)",
					"@executable_path/Frameworks",
				);
				PRODUCT_BUNDLE_IDENTIFIER = chihyinwang.is.this.QuizApp;
				PRODUCT_NAME = "$(TARGET_NAME)";
				SWIFT_VERSION = 5.0;
				TARGETED_DEVICE_FAMILY = "1,2";
			};
			name = Debug;
		};
		727AB6A424ADDDA000280FAA /* Release */ = {
			isa = XCBuildConfiguration;
			buildSettings = {
				ASSETCATALOG_COMPILER_APPICON_NAME = AppIcon;
				CODE_SIGN_STYLE = Automatic;
				DEVELOPMENT_TEAM = V92BR27883;
				INFOPLIST_FILE = QuizApp/Info.plist;
				LD_RUNPATH_SEARCH_PATHS = (
					"$(inherited)",
					"@executable_path/Frameworks",
				);
				PRODUCT_BUNDLE_IDENTIFIER = chihyinwang.is.this.QuizApp;
				PRODUCT_NAME = "$(TARGET_NAME)";
				SWIFT_VERSION = 5.0;
				TARGETED_DEVICE_FAMILY = "1,2";
			};
			name = Release;
		};
		727AB6A624ADDDA000280FAA /* Debug */ = {
			isa = XCBuildConfiguration;
			buildSettings = {
				ALWAYS_EMBED_SWIFT_STANDARD_LIBRARIES = YES;
				BUNDLE_LOADER = "$(TEST_HOST)";
				CODE_SIGN_STYLE = Automatic;
				DEVELOPMENT_TEAM = V92BR27883;
				INFOPLIST_FILE = QuizAppTests/Info.plist;
				IPHONEOS_DEPLOYMENT_TARGET = 13.5;
				LD_RUNPATH_SEARCH_PATHS = (
					"$(inherited)",
					"@executable_path/Frameworks",
					"@loader_path/Frameworks",
				);
				PRODUCT_BUNDLE_IDENTIFIER = chihyinwang.is.this.QuizAppTests;
				PRODUCT_NAME = "$(TARGET_NAME)";
				SWIFT_VERSION = 5.0;
				TARGETED_DEVICE_FAMILY = "1,2";
				TEST_HOST = "$(BUILT_PRODUCTS_DIR)/QuizApp.app/QuizApp";
			};
			name = Debug;
		};
		727AB6A724ADDDA000280FAA /* Release */ = {
			isa = XCBuildConfiguration;
			buildSettings = {
				ALWAYS_EMBED_SWIFT_STANDARD_LIBRARIES = YES;
				BUNDLE_LOADER = "$(TEST_HOST)";
				CODE_SIGN_STYLE = Automatic;
				DEVELOPMENT_TEAM = V92BR27883;
				INFOPLIST_FILE = QuizAppTests/Info.plist;
				IPHONEOS_DEPLOYMENT_TARGET = 13.5;
				LD_RUNPATH_SEARCH_PATHS = (
					"$(inherited)",
					"@executable_path/Frameworks",
					"@loader_path/Frameworks",
				);
				PRODUCT_BUNDLE_IDENTIFIER = chihyinwang.is.this.QuizAppTests;
				PRODUCT_NAME = "$(TARGET_NAME)";
				SWIFT_VERSION = 5.0;
				TARGETED_DEVICE_FAMILY = "1,2";
				TEST_HOST = "$(BUILT_PRODUCTS_DIR)/QuizApp.app/QuizApp";
			};
			name = Release;
		};
/* End XCBuildConfiguration section */

/* Begin XCConfigurationList section */
		727AB67E24ADDD9D00280FAA /* Build configuration list for PBXProject "QuizApp" */ = {
			isa = XCConfigurationList;
			buildConfigurations = (
				727AB6A024ADDDA000280FAA /* Debug */,
				727AB6A124ADDDA000280FAA /* Release */,
			);
			defaultConfigurationIsVisible = 0;
			defaultConfigurationName = Release;
		};
		727AB6A224ADDDA000280FAA /* Build configuration list for PBXNativeTarget "QuizApp" */ = {
			isa = XCConfigurationList;
			buildConfigurations = (
				727AB6A324ADDDA000280FAA /* Debug */,
				727AB6A424ADDDA000280FAA /* Release */,
			);
			defaultConfigurationIsVisible = 0;
			defaultConfigurationName = Release;
		};
		727AB6A524ADDDA000280FAA /* Build configuration list for PBXNativeTarget "QuizAppTests" */ = {
			isa = XCConfigurationList;
			buildConfigurations = (
				727AB6A624ADDDA000280FAA /* Debug */,
				727AB6A724ADDDA000280FAA /* Release */,
			);
			defaultConfigurationIsVisible = 0;
			defaultConfigurationName = Release;
		};
/* End XCConfigurationList section */
	};
	rootObject = 727AB67B24ADDD9D00280FAA /* Project object */;
}
